// !$*UTF8*$!
{
	archiveVersion = 1;
	classes = {
	};
	objectVersion = 55;
	objects = {

/* Begin PBXBuildFile section */
		B1D0F50A7979D5A19D0EAA0F /* Pods_Pulse.framework in Frameworks */ = {isa = PBXBuildFile; fileRef = 6EB2E7FC16621CFBD75691E9 /* Pods_Pulse.framework */; };
		F50FD253288FD77E00D6C421 /* WeightViewController.swift in Sources */ = {isa = PBXBuildFile; fileRef = F50FD252288FD77E00D6C421 /* WeightViewController.swift */; };
		F50FD255288FF3ED00D6C421 /* UnitLabel.swift in Sources */ = {isa = PBXBuildFile; fileRef = F50FD254288FF3ED00D6C421 /* UnitLabel.swift */; };
		F50FD257288FF6AD00D6C421 /* AllowNotificationViewController.swift in Sources */ = {isa = PBXBuildFile; fileRef = F50FD256288FF6AD00D6C421 /* AllowNotificationViewController.swift */; };
		F50FD25A288FF7D900D6C421 /* SkipButton.swift in Sources */ = {isa = PBXBuildFile; fileRef = F50FD259288FF7D900D6C421 /* SkipButton.swift */; };
		F50FD25D288FFCBF00D6C421 /* MainViewController.swift in Sources */ = {isa = PBXBuildFile; fileRef = F50FD25C288FFCBF00D6C421 /* MainViewController.swift */; };
		F50FD25F288FFFA400D6C421 /* TabBarViewController.swift in Sources */ = {isa = PBXBuildFile; fileRef = F50FD25E288FFFA400D6C421 /* TabBarViewController.swift */; };
		F50FD263289001AB00D6C421 /* PageLabel.swift in Sources */ = {isa = PBXBuildFile; fileRef = F50FD262289001AB00D6C421 /* PageLabel.swift */; };
		F50FD265289002DF00D6C421 /* SettingsButton.swift in Sources */ = {isa = PBXBuildFile; fileRef = F50FD264289002DF00D6C421 /* SettingsButton.swift */; };
		F50FD2672890050300D6C421 /* WhiteView.swift in Sources */ = {isa = PBXBuildFile; fileRef = F50FD2662890050300D6C421 /* WhiteView.swift */; };
		F50FD2692890195400D6C421 /* HealthButton.swift in Sources */ = {isa = PBXBuildFile; fileRef = F50FD2682890195400D6C421 /* HealthButton.swift */; };
		F51F4E152891C40A00C4081E /* HeartView.swift in Sources */ = {isa = PBXBuildFile; fileRef = F51F4E142891C40A00C4081E /* HeartView.swift */; };
		F51F4E172891C8AE00C4081E /* customElipseView.swift in Sources */ = {isa = PBXBuildFile; fileRef = F51F4E162891C8AE00C4081E /* customElipseView.swift */; };
		F53908ED288EF16F00E85E88 /* ContinueButton.swift in Sources */ = {isa = PBXBuildFile; fileRef = F53908EC288EF16F00E85E88 /* ContinueButton.swift */; };
		F53908EF288EF38100E85E88 /* CustomTextField.swift in Sources */ = {isa = PBXBuildFile; fileRef = F53908EE288EF38100E85E88 /* CustomTextField.swift */; };
		F53908F1288EF65900E85E88 /* customLabelToTextField.swift in Sources */ = {isa = PBXBuildFile; fileRef = F53908F0288EF65900E85E88 /* customLabelToTextField.swift */; };
		F54F6F56288D8511003673C0 /* AppDelegate.swift in Sources */ = {isa = PBXBuildFile; fileRef = F54F6F55288D8511003673C0 /* AppDelegate.swift */; };
		F54F6F58288D8511003673C0 /* SceneDelegate.swift in Sources */ = {isa = PBXBuildFile; fileRef = F54F6F57288D8511003673C0 /* SceneDelegate.swift */; };
		F54F6F5A288D8511003673C0 /* GenderViewController.swift in Sources */ = {isa = PBXBuildFile; fileRef = F54F6F59288D8511003673C0 /* GenderViewController.swift */; };
		F54F6F5D288D8511003673C0 /* Main.storyboard in Resources */ = {isa = PBXBuildFile; fileRef = F54F6F5B288D8511003673C0 /* Main.storyboard */; };
		F54F6F5F288D8516003673C0 /* Assets.xcassets in Resources */ = {isa = PBXBuildFile; fileRef = F54F6F5E288D8516003673C0 /* Assets.xcassets */; };
		F54F6F62288D8516003673C0 /* LaunchScreen.storyboard in Resources */ = {isa = PBXBuildFile; fileRef = F54F6F60288D8516003673C0 /* LaunchScreen.storyboard */; };
		F57A0A50288DA008009610AC /* PageNumberTitle.swift in Sources */ = {isa = PBXBuildFile; fileRef = F57A0A4F288DA008009610AC /* PageNumberTitle.swift */; };
		F57A0A53288DA6CB009610AC /* PageTextLabel.swift in Sources */ = {isa = PBXBuildFile; fileRef = F57A0A52288DA6CB009610AC /* PageTextLabel.swift */; };
		F57A0A55288DAA08009610AC /* GenderButton.swift in Sources */ = {isa = PBXBuildFile; fileRef = F57A0A54288DAA08009610AC /* GenderButton.swift */; };
		F57A0A57288DD61C009610AC /* HeightViewController.swift in Sources */ = {isa = PBXBuildFile; fileRef = F57A0A56288DD61C009610AC /* HeightViewController.swift */; };
		F57A0A5A288DE2B2009610AC /* BackButton.swift in Sources */ = {isa = PBXBuildFile; fileRef = F57A0A59288DE2B2009610AC /* BackButton.swift */; };
		F57A0A5C288EAE5B009610AC /* SegmentControl.swift in Sources */ = {isa = PBXBuildFile; fileRef = F57A0A5B288EAE5B009610AC /* SegmentControl.swift */; };
/* End PBXBuildFile section */

/* Begin PBXFileReference section */
		68390B534DD43D79AB87BA62 /* Pods-Pulse.debug.xcconfig */ = {isa = PBXFileReference; includeInIndex = 1; lastKnownFileType = text.xcconfig; name = "Pods-Pulse.debug.xcconfig"; path = "Target Support Files/Pods-Pulse/Pods-Pulse.debug.xcconfig"; sourceTree = "<group>"; };
		6EB2E7FC16621CFBD75691E9 /* Pods_Pulse.framework */ = {isa = PBXFileReference; explicitFileType = wrapper.framework; includeInIndex = 0; path = Pods_Pulse.framework; sourceTree = BUILT_PRODUCTS_DIR; };
		7E4E922A3885BE9EEFA92E35 /* Pods-Pulse.release.xcconfig */ = {isa = PBXFileReference; includeInIndex = 1; lastKnownFileType = text.xcconfig; name = "Pods-Pulse.release.xcconfig"; path = "Target Support Files/Pods-Pulse/Pods-Pulse.release.xcconfig"; sourceTree = "<group>"; };
		F50FD252288FD77E00D6C421 /* WeightViewController.swift */ = {isa = PBXFileReference; lastKnownFileType = sourcecode.swift; path = WeightViewController.swift; sourceTree = "<group>"; };
		F50FD254288FF3ED00D6C421 /* UnitLabel.swift */ = {isa = PBXFileReference; lastKnownFileType = sourcecode.swift; path = UnitLabel.swift; sourceTree = "<group>"; };
		F50FD256288FF6AD00D6C421 /* AllowNotificationViewController.swift */ = {isa = PBXFileReference; lastKnownFileType = sourcecode.swift; path = AllowNotificationViewController.swift; sourceTree = "<group>"; };
		F50FD259288FF7D900D6C421 /* SkipButton.swift */ = {isa = PBXFileReference; lastKnownFileType = sourcecode.swift; path = SkipButton.swift; sourceTree = "<group>"; };
		F50FD25C288FFCBF00D6C421 /* MainViewController.swift */ = {isa = PBXFileReference; lastKnownFileType = sourcecode.swift; path = MainViewController.swift; sourceTree = "<group>"; };
		F50FD25E288FFFA400D6C421 /* TabBarViewController.swift */ = {isa = PBXFileReference; lastKnownFileType = sourcecode.swift; path = TabBarViewController.swift; sourceTree = "<group>"; };
		F50FD262289001AB00D6C421 /* PageLabel.swift */ = {isa = PBXFileReference; lastKnownFileType = sourcecode.swift; path = PageLabel.swift; sourceTree = "<group>"; };
		F50FD264289002DF00D6C421 /* SettingsButton.swift */ = {isa = PBXFileReference; lastKnownFileType = sourcecode.swift; path = SettingsButton.swift; sourceTree = "<group>"; };
		F50FD2662890050300D6C421 /* WhiteView.swift */ = {isa = PBXFileReference; lastKnownFileType = sourcecode.swift; path = WhiteView.swift; sourceTree = "<group>"; };
		F50FD2682890195400D6C421 /* HealthButton.swift */ = {isa = PBXFileReference; lastKnownFileType = sourcecode.swift; path = HealthButton.swift; sourceTree = "<group>"; };
		F51F4E142891C40A00C4081E /* HeartView.swift */ = {isa = PBXFileReference; lastKnownFileType = sourcecode.swift; path = HeartView.swift; sourceTree = "<group>"; };
		F51F4E162891C8AE00C4081E /* customElipseView.swift */ = {isa = PBXFileReference; lastKnownFileType = sourcecode.swift; path = customElipseView.swift; sourceTree = "<group>"; };
		F53908EC288EF16F00E85E88 /* ContinueButton.swift */ = {isa = PBXFileReference; lastKnownFileType = sourcecode.swift; path = ContinueButton.swift; sourceTree = "<group>"; };
		F53908EE288EF38100E85E88 /* CustomTextField.swift */ = {isa = PBXFileReference; lastKnownFileType = sourcecode.swift; path = CustomTextField.swift; sourceTree = "<group>"; };
		F53908F0288EF65900E85E88 /* customLabelToTextField.swift */ = {isa = PBXFileReference; lastKnownFileType = sourcecode.swift; path = customLabelToTextField.swift; sourceTree = "<group>"; };
		F54F6F52288D8511003673C0 /* Pulse.app */ = {isa = PBXFileReference; explicitFileType = wrapper.application; includeInIndex = 0; path = Pulse.app; sourceTree = BUILT_PRODUCTS_DIR; };
		F54F6F55288D8511003673C0 /* AppDelegate.swift */ = {isa = PBXFileReference; lastKnownFileType = sourcecode.swift; path = AppDelegate.swift; sourceTree = "<group>"; };
		F54F6F57288D8511003673C0 /* SceneDelegate.swift */ = {isa = PBXFileReference; lastKnownFileType = sourcecode.swift; path = SceneDelegate.swift; sourceTree = "<group>"; };
		F54F6F59288D8511003673C0 /* GenderViewController.swift */ = {isa = PBXFileReference; lastKnownFileType = sourcecode.swift; path = GenderViewController.swift; sourceTree = "<group>"; };
		F54F6F5C288D8511003673C0 /* Base */ = {isa = PBXFileReference; lastKnownFileType = file.storyboard; name = Base; path = Base.lproj/Main.storyboard; sourceTree = "<group>"; };
		F54F6F5E288D8516003673C0 /* Assets.xcassets */ = {isa = PBXFileReference; lastKnownFileType = folder.assetcatalog; path = Assets.xcassets; sourceTree = "<group>"; };
		F54F6F61288D8516003673C0 /* Base */ = {isa = PBXFileReference; lastKnownFileType = file.storyboard; name = Base; path = Base.lproj/LaunchScreen.storyboard; sourceTree = "<group>"; };
		F54F6F63288D8516003673C0 /* Info.plist */ = {isa = PBXFileReference; lastKnownFileType = text.plist.xml; path = Info.plist; sourceTree = "<group>"; };
		F57A0A4F288DA008009610AC /* PageNumberTitle.swift */ = {isa = PBXFileReference; lastKnownFileType = sourcecode.swift; path = PageNumberTitle.swift; sourceTree = "<group>"; };
		F57A0A52288DA6CB009610AC /* PageTextLabel.swift */ = {isa = PBXFileReference; lastKnownFileType = sourcecode.swift; path = PageTextLabel.swift; sourceTree = "<group>"; };
		F57A0A54288DAA08009610AC /* GenderButton.swift */ = {isa = PBXFileReference; lastKnownFileType = sourcecode.swift; path = GenderButton.swift; sourceTree = "<group>"; };
		F57A0A56288DD61C009610AC /* HeightViewController.swift */ = {isa = PBXFileReference; lastKnownFileType = sourcecode.swift; path = HeightViewController.swift; sourceTree = "<group>"; };
		F57A0A59288DE2B2009610AC /* BackButton.swift */ = {isa = PBXFileReference; lastKnownFileType = sourcecode.swift; path = BackButton.swift; sourceTree = "<group>"; };
		F57A0A5B288EAE5B009610AC /* SegmentControl.swift */ = {isa = PBXFileReference; lastKnownFileType = sourcecode.swift; path = SegmentControl.swift; sourceTree = "<group>"; };
/* End PBXFileReference section */

/* Begin PBXFrameworksBuildPhase section */
		F54F6F4F288D8511003673C0 /* Frameworks */ = {
			isa = PBXFrameworksBuildPhase;
			buildActionMask = 2147483647;
			files = (
				B1D0F50A7979D5A19D0EAA0F /* Pods_Pulse.framework in Frameworks */,
			);
			runOnlyForDeploymentPostprocessing = 0;
		};
/* End PBXFrameworksBuildPhase section */

/* Begin PBXGroup section */
		8FD3B117E31D475DB31637F8 /* Pods */ = {
			isa = PBXGroup;
			children = (
				68390B534DD43D79AB87BA62 /* Pods-Pulse.debug.xcconfig */,
				7E4E922A3885BE9EEFA92E35 /* Pods-Pulse.release.xcconfig */,
			);
			path = Pods;
			sourceTree = "<group>";
		};
		D15ABEA708DAE881BFA284B6 /* Frameworks */ = {
			isa = PBXGroup;
			children = (
				6EB2E7FC16621CFBD75691E9 /* Pods_Pulse.framework */,
			);
			name = Frameworks;
			sourceTree = "<group>";
		};
		F50FD258288FF7A500D6C421 /* AllowNotificationVC */ = {
			isa = PBXGroup;
			children = (
				F50FD259288FF7D900D6C421 /* SkipButton.swift */,
			);
			path = AllowNotificationVC;
			sourceTree = "<group>";
		};
		F50FD25B288FFC8C00D6C421 /* Main screen */ = {
			isa = PBXGroup;
			children = (
				F50FD25C288FFCBF00D6C421 /* MainViewController.swift */,
				F50FD25E288FFFA400D6C421 /* TabBarViewController.swift */,
			);
			path = "Main screen";
			sourceTree = "<group>";
		};
		F50FD2602890015E00D6C421 /* Onboarding views */ = {
			isa = PBXGroup;
			children = (
				F57A0A4F288DA008009610AC /* PageNumberTitle.swift */,
				F57A0A52288DA6CB009610AC /* PageTextLabel.swift */,
				F57A0A59288DE2B2009610AC /* BackButton.swift */,
				F53908EC288EF16F00E85E88 /* ContinueButton.swift */,
				F50FD258288FF7A500D6C421 /* AllowNotificationVC */,
				F57A0A51288DA662009610AC /* GenderVС */,
				F57A0A58288DDE19009610AC /* sizeVC */,
			);
			path = "Onboarding views";
			sourceTree = "<group>";
		};
		F50FD2612890017600D6C421 /* Main views */ = {
			isa = PBXGroup;
			children = (
				F50FD262289001AB00D6C421 /* PageLabel.swift */,
				F50FD264289002DF00D6C421 /* SettingsButton.swift */,
				F50FD2662890050300D6C421 /* WhiteView.swift */,
				F50FD2682890195400D6C421 /* HealthButton.swift */,
				F51F4E142891C40A00C4081E /* HeartView.swift */,
				F51F4E162891C8AE00C4081E /* customElipseView.swift */,
			);
			path = "Main views";
			sourceTree = "<group>";
		};
		F53908F2288EF6A400E85E88 /* CustomTextField */ = {
			isa = PBXGroup;
			children = (
				F53908F0288EF65900E85E88 /* customLabelToTextField.swift */,
				F53908EE288EF38100E85E88 /* CustomTextField.swift */,
				F50FD254288FF3ED00D6C421 /* UnitLabel.swift */,
			);
			path = CustomTextField;
			sourceTree = "<group>";
		};
		F54F6F49288D8511003673C0 = {
			isa = PBXGroup;
			children = (
				F54F6F54288D8511003673C0 /* Pulse */,
				F54F6F53288D8511003673C0 /* Products */,
				8FD3B117E31D475DB31637F8 /* Pods */,
				D15ABEA708DAE881BFA284B6 /* Frameworks */,
			);
			sourceTree = "<group>";
		};
		F54F6F53288D8511003673C0 /* Products */ = {
			isa = PBXGroup;
			children = (
				F54F6F52288D8511003673C0 /* Pulse.app */,
			);
			name = Products;
			sourceTree = "<group>";
		};
		F54F6F54288D8511003673C0 /* Pulse */ = {
			isa = PBXGroup;
			children = (
				F54F6F6A288D883A003673C0 /* Application */,
				F54F6F6C288D8889003673C0 /* Views */,
				F54F6F69288D8780003673C0 /* Controllers */,
				F54F6F6B288D885A003673C0 /* Models */,
				F54F6F5B288D8511003673C0 /* Main.storyboard */,
				F54F6F6D288D88A6003673C0 /* Resourses */,
			);
			path = Pulse;
			sourceTree = "<group>";
		};
		F54F6F69288D8780003673C0 /* Controllers */ = {
			isa = PBXGroup;
			children = (
				F54F6F6E288D892C003673C0 /* Onboarding */,
				F50FD25B288FFC8C00D6C421 /* Main screen */,
			);
			path = Controllers;
			sourceTree = "<group>";
		};
		F54F6F6A288D883A003673C0 /* Application */ = {
			isa = PBXGroup;
			children = (
				F54F6F55288D8511003673C0 /* AppDelegate.swift */,
				F54F6F57288D8511003673C0 /* SceneDelegate.swift */,
			);
			path = Application;
			sourceTree = "<group>";
		};
		F54F6F6B288D885A003673C0 /* Models */ = {
			isa = PBXGroup;
			children = (
			);
			path = Models;
			sourceTree = "<group>";
		};
		F54F6F6C288D8889003673C0 /* Views */ = {
			isa = PBXGroup;
			children = (
				F50FD2602890015E00D6C421 /* Onboarding views */,
				F50FD2612890017600D6C421 /* Main views */,
			);
			path = Views;
			sourceTree = "<group>";
		};
		F54F6F6D288D88A6003673C0 /* Resourses */ = {
			isa = PBXGroup;
			children = (
				F54F6F5E288D8516003673C0 /* Assets.xcassets */,
				F54F6F60288D8516003673C0 /* LaunchScreen.storyboard */,
				F54F6F63288D8516003673C0 /* Info.plist */,
			);
			path = Resourses;
			sourceTree = "<group>";
		};
		F54F6F6E288D892C003673C0 /* Onboarding */ = {
			isa = PBXGroup;
			children = (
				F54F6F59288D8511003673C0 /* GenderViewController.swift */,
				F57A0A56288DD61C009610AC /* HeightViewController.swift */,
				F50FD252288FD77E00D6C421 /* WeightViewController.swift */,
				F50FD256288FF6AD00D6C421 /* AllowNotificationViewController.swift */,
			);
			path = Onboarding;
			sourceTree = "<group>";
		};
		F57A0A51288DA662009610AC /* GenderVС */ = {
			isa = PBXGroup;
			children = (
				F57A0A54288DAA08009610AC /* GenderButton.swift */,
			);
			path = "GenderVС";
			sourceTree = "<group>";
		};
		F57A0A58288DDE19009610AC /* sizeVC */ = {
			isa = PBXGroup;
			children = (
				F57A0A5B288EAE5B009610AC /* SegmentControl.swift */,
				F53908F2288EF6A400E85E88 /* CustomTextField */,
			);
			path = sizeVC;
			sourceTree = "<group>";
		};
/* End PBXGroup section */

/* Begin PBXNativeTarget section */
		F54F6F51288D8511003673C0 /* Pulse */ = {
			isa = PBXNativeTarget;
			buildConfigurationList = F54F6F66288D8516003673C0 /* Build configuration list for PBXNativeTarget "Pulse" */;
			buildPhases = (
				0A6EC5687192C2F1E393F23F /* [CP] Check Pods Manifest.lock */,
				F54F6F4E288D8511003673C0 /* Sources */,
				F54F6F4F288D8511003673C0 /* Frameworks */,
				F54F6F50288D8511003673C0 /* Resources */,
				CA7B05220CB8D913BE5E693F /* [CP] Embed Pods Frameworks */,
			);
			buildRules = (
			);
			dependencies = (
			);
			name = Pulse;
			productName = Pulse;
			productReference = F54F6F52288D8511003673C0 /* Pulse.app */;
			productType = "com.apple.product-type.application";
		};
/* End PBXNativeTarget section */

/* Begin PBXProject section */
		F54F6F4A288D8511003673C0 /* Project object */ = {
			isa = PBXProject;
			attributes = {
				BuildIndependentTargetsInParallel = 1;
				LastSwiftUpdateCheck = 1300;
				LastUpgradeCheck = 1300;
				TargetAttributes = {
					F54F6F51288D8511003673C0 = {
						CreatedOnToolsVersion = 13.0;
					};
				};
			};
			buildConfigurationList = F54F6F4D288D8511003673C0 /* Build configuration list for PBXProject "Pulse" */;
			compatibilityVersion = "Xcode 13.0";
			developmentRegion = en;
			hasScannedForEncodings = 0;
			knownRegions = (
				en,
				Base,
			);
			mainGroup = F54F6F49288D8511003673C0;
			productRefGroup = F54F6F53288D8511003673C0 /* Products */;
			projectDirPath = "";
			projectRoot = "";
			targets = (
				F54F6F51288D8511003673C0 /* Pulse */,
			);
		};
/* End PBXProject section */

/* Begin PBXResourcesBuildPhase section */
		F54F6F50288D8511003673C0 /* Resources */ = {
			isa = PBXResourcesBuildPhase;
			buildActionMask = 2147483647;
			files = (
				F54F6F62288D8516003673C0 /* LaunchScreen.storyboard in Resources */,
				F54F6F5F288D8516003673C0 /* Assets.xcassets in Resources */,
				F54F6F5D288D8511003673C0 /* Main.storyboard in Resources */,
			);
			runOnlyForDeploymentPostprocessing = 0;
		};
/* End PBXResourcesBuildPhase section */

/* Begin PBXShellScriptBuildPhase section */
		0A6EC5687192C2F1E393F23F /* [CP] Check Pods Manifest.lock */ = {
			isa = PBXShellScriptBuildPhase;
			buildActionMask = 2147483647;
			files = (
			);
			inputFileListPaths = (
			);
			inputPaths = (
				"${PODS_PODFILE_DIR_PATH}/Podfile.lock",
				"${PODS_ROOT}/Manifest.lock",
			);
			name = "[CP] Check Pods Manifest.lock";
			outputFileListPaths = (
			);
			outputPaths = (
				"$(DERIVED_FILE_DIR)/Pods-Pulse-checkManifestLockResult.txt",
			);
			runOnlyForDeploymentPostprocessing = 0;
			shellPath = /bin/sh;
			shellScript = "diff \"${PODS_PODFILE_DIR_PATH}/Podfile.lock\" \"${PODS_ROOT}/Manifest.lock\" > /dev/null\nif [ $? != 0 ] ; then\n    # print error to STDERR\n    echo \"error: The sandbox is not in sync with the Podfile.lock. Run 'pod install' or update your CocoaPods installation.\" >&2\n    exit 1\nfi\n# This output is used by Xcode 'outputs' to avoid re-running this script phase.\necho \"SUCCESS\" > \"${SCRIPT_OUTPUT_FILE_0}\"\n";
			showEnvVarsInLog = 0;
		};
		CA7B05220CB8D913BE5E693F /* [CP] Embed Pods Frameworks */ = {
			isa = PBXShellScriptBuildPhase;
			buildActionMask = 2147483647;
			files = (
			);
			inputFileListPaths = (
				"${PODS_ROOT}/Target Support Files/Pods-Pulse/Pods-Pulse-frameworks-${CONFIGURATION}-input-files.xcfilelist",
			);
			name = "[CP] Embed Pods Frameworks";
			outputFileListPaths = (
				"${PODS_ROOT}/Target Support Files/Pods-Pulse/Pods-Pulse-frameworks-${CONFIGURATION}-output-files.xcfilelist",
			);
			runOnlyForDeploymentPostprocessing = 0;
			shellPath = /bin/sh;
			shellScript = "\"${PODS_ROOT}/Target Support Files/Pods-Pulse/Pods-Pulse-frameworks.sh\"\n";
			showEnvVarsInLog = 0;
		};
/* End PBXShellScriptBuildPhase section */

/* Begin PBXSourcesBuildPhase section */
		F54F6F4E288D8511003673C0 /* Sources */ = {
			isa = PBXSourcesBuildPhase;
			buildActionMask = 2147483647;
			files = (
				F57A0A5A288DE2B2009610AC /* BackButton.swift in Sources */,
				F51F4E172891C8AE00C4081E /* customElipseView.swift in Sources */,
				F53908EF288EF38100E85E88 /* CustomTextField.swift in Sources */,
				F57A0A50288DA008009610AC /* PageNumberTitle.swift in Sources */,
				F50FD2692890195400D6C421 /* HealthButton.swift in Sources */,
				F53908ED288EF16F00E85E88 /* ContinueButton.swift in Sources */,
				F50FD25F288FFFA400D6C421 /* TabBarViewController.swift in Sources */,
				F57A0A53288DA6CB009610AC /* PageTextLabel.swift in Sources */,
				F57A0A55288DAA08009610AC /* GenderButton.swift in Sources */,
				F54F6F5A288D8511003673C0 /* GenderViewController.swift in Sources */,
				F50FD263289001AB00D6C421 /* PageLabel.swift in Sources */,
				F50FD25D288FFCBF00D6C421 /* MainViewController.swift in Sources */,
				F57A0A5C288EAE5B009610AC /* SegmentControl.swift in Sources */,
				F54F6F56288D8511003673C0 /* AppDelegate.swift in Sources */,
				F50FD265289002DF00D6C421 /* SettingsButton.swift in Sources */,
				F51F4E152891C40A00C4081E /* HeartView.swift in Sources */,
				F57A0A57288DD61C009610AC /* HeightViewController.swift in Sources */,
				F53908F1288EF65900E85E88 /* customLabelToTextField.swift in Sources */,
				F50FD253288FD77E00D6C421 /* WeightViewController.swift in Sources */,
				F50FD255288FF3ED00D6C421 /* UnitLabel.swift in Sources */,
				F50FD257288FF6AD00D6C421 /* AllowNotificationViewController.swift in Sources */,
				F50FD25A288FF7D900D6C421 /* SkipButton.swift in Sources */,
				F50FD2672890050300D6C421 /* WhiteView.swift in Sources */,
				F54F6F58288D8511003673C0 /* SceneDelegate.swift in Sources */,
			);
			runOnlyForDeploymentPostprocessing = 0;
		};
/* End PBXSourcesBuildPhase section */

/* Begin PBXVariantGroup section */
		F54F6F5B288D8511003673C0 /* Main.storyboard */ = {
			isa = PBXVariantGroup;
			children = (
				F54F6F5C288D8511003673C0 /* Base */,
			);
			name = Main.storyboard;
			sourceTree = "<group>";
		};
		F54F6F60288D8516003673C0 /* LaunchScreen.storyboard */ = {
			isa = PBXVariantGroup;
			children = (
				F54F6F61288D8516003673C0 /* Base */,
			);
			name = LaunchScreen.storyboard;
			sourceTree = "<group>";
		};
/* End PBXVariantGroup section */

/* Begin XCBuildConfiguration section */
		F54F6F64288D8516003673C0 /* Debug */ = {
			isa = XCBuildConfiguration;
			buildSettings = {
				ALWAYS_SEARCH_USER_PATHS = NO;
				CLANG_ANALYZER_NONNULL = YES;
				CLANG_ANALYZER_NUMBER_OBJECT_CONVERSION = YES_AGGRESSIVE;
				CLANG_CXX_LANGUAGE_STANDARD = "gnu++17";
				CLANG_CXX_LIBRARY = "libc++";
				CLANG_ENABLE_MODULES = YES;
				CLANG_ENABLE_OBJC_ARC = YES;
				CLANG_ENABLE_OBJC_WEAK = YES;
				CLANG_WARN_BLOCK_CAPTURE_AUTORELEASING = YES;
				CLANG_WARN_BOOL_CONVERSION = YES;
				CLANG_WARN_COMMA = YES;
				CLANG_WARN_CONSTANT_CONVERSION = YES;
				CLANG_WARN_DEPRECATED_OBJC_IMPLEMENTATIONS = YES;
				CLANG_WARN_DIRECT_OBJC_ISA_USAGE = YES_ERROR;
				CLANG_WARN_DOCUMENTATION_COMMENTS = YES;
				CLANG_WARN_EMPTY_BODY = YES;
				CLANG_WARN_ENUM_CONVERSION = YES;
				CLANG_WARN_INFINITE_RECURSION = YES;
				CLANG_WARN_INT_CONVERSION = YES;
				CLANG_WARN_NON_LITERAL_NULL_CONVERSION = YES;
				CLANG_WARN_OBJC_IMPLICIT_RETAIN_SELF = YES;
				CLANG_WARN_OBJC_LITERAL_CONVERSION = YES;
				CLANG_WARN_OBJC_ROOT_CLASS = YES_ERROR;
				CLANG_WARN_QUOTED_INCLUDE_IN_FRAMEWORK_HEADER = YES;
				CLANG_WARN_RANGE_LOOP_ANALYSIS = YES;
				CLANG_WARN_STRICT_PROTOTYPES = YES;
				CLANG_WARN_SUSPICIOUS_MOVE = YES;
				CLANG_WARN_UNGUARDED_AVAILABILITY = YES_AGGRESSIVE;
				CLANG_WARN_UNREACHABLE_CODE = YES;
				CLANG_WARN__DUPLICATE_METHOD_MATCH = YES;
				COPY_PHASE_STRIP = NO;
				DEBUG_INFORMATION_FORMAT = dwarf;
				ENABLE_STRICT_OBJC_MSGSEND = YES;
				ENABLE_TESTABILITY = YES;
				GCC_C_LANGUAGE_STANDARD = gnu11;
				GCC_DYNAMIC_NO_PIC = NO;
				GCC_NO_COMMON_BLOCKS = YES;
				GCC_OPTIMIZATION_LEVEL = 0;
				GCC_PREPROCESSOR_DEFINITIONS = (
					"DEBUG=1",
					"$(inherited)",
				);
				GCC_WARN_64_TO_32_BIT_CONVERSION = YES;
				GCC_WARN_ABOUT_RETURN_TYPE = YES_ERROR;
				GCC_WARN_UNDECLARED_SELECTOR = YES;
				GCC_WARN_UNINITIALIZED_AUTOS = YES_AGGRESSIVE;
				GCC_WARN_UNUSED_FUNCTION = YES;
				GCC_WARN_UNUSED_VARIABLE = YES;
				IPHONEOS_DEPLOYMENT_TARGET = 15.0;
				MTL_ENABLE_DEBUG_INFO = INCLUDE_SOURCE;
				MTL_FAST_MATH = YES;
				ONLY_ACTIVE_ARCH = YES;
				SDKROOT = iphoneos;
				SWIFT_ACTIVE_COMPILATION_CONDITIONS = DEBUG;
				SWIFT_OPTIMIZATION_LEVEL = "-Onone";
			};
			name = Debug;
		};
		F54F6F65288D8516003673C0 /* Release */ = {
			isa = XCBuildConfiguration;
			buildSettings = {
				ALWAYS_SEARCH_USER_PATHS = NO;
				CLANG_ANALYZER_NONNULL = YES;
				CLANG_ANALYZER_NUMBER_OBJECT_CONVERSION = YES_AGGRESSIVE;
				CLANG_CXX_LANGUAGE_STANDARD = "gnu++17";
				CLANG_CXX_LIBRARY = "libc++";
				CLANG_ENABLE_MODULES = YES;
				CLANG_ENABLE_OBJC_ARC = YES;
				CLANG_ENABLE_OBJC_WEAK = YES;
				CLANG_WARN_BLOCK_CAPTURE_AUTORELEASING = YES;
				CLANG_WARN_BOOL_CONVERSION = YES;
				CLANG_WARN_COMMA = YES;
				CLANG_WARN_CONSTANT_CONVERSION = YES;
				CLANG_WARN_DEPRECATED_OBJC_IMPLEMENTATIONS = YES;
				CLANG_WARN_DIRECT_OBJC_ISA_USAGE = YES_ERROR;
				CLANG_WARN_DOCUMENTATION_COMMENTS = YES;
				CLANG_WARN_EMPTY_BODY = YES;
				CLANG_WARN_ENUM_CONVERSION = YES;
				CLANG_WARN_INFINITE_RECURSION = YES;
				CLANG_WARN_INT_CONVERSION = YES;
				CLANG_WARN_NON_LITERAL_NULL_CONVERSION = YES;
				CLANG_WARN_OBJC_IMPLICIT_RETAIN_SELF = YES;
				CLANG_WARN_OBJC_LITERAL_CONVERSION = YES;
				CLANG_WARN_OBJC_ROOT_CLASS = YES_ERROR;
				CLANG_WARN_QUOTED_INCLUDE_IN_FRAMEWORK_HEADER = YES;
				CLANG_WARN_RANGE_LOOP_ANALYSIS = YES;
				CLANG_WARN_STRICT_PROTOTYPES = YES;
				CLANG_WARN_SUSPICIOUS_MOVE = YES;
				CLANG_WARN_UNGUARDED_AVAILABILITY = YES_AGGRESSIVE;
				CLANG_WARN_UNREACHABLE_CODE = YES;
				CLANG_WARN__DUPLICATE_METHOD_MATCH = YES;
				COPY_PHASE_STRIP = NO;
				DEBUG_INFORMATION_FORMAT = "dwarf-with-dsym";
				ENABLE_NS_ASSERTIONS = NO;
				ENABLE_STRICT_OBJC_MSGSEND = YES;
				GCC_C_LANGUAGE_STANDARD = gnu11;
				GCC_NO_COMMON_BLOCKS = YES;
				GCC_WARN_64_TO_32_BIT_CONVERSION = YES;
				GCC_WARN_ABOUT_RETURN_TYPE = YES_ERROR;
				GCC_WARN_UNDECLARED_SELECTOR = YES;
				GCC_WARN_UNINITIALIZED_AUTOS = YES_AGGRESSIVE;
				GCC_WARN_UNUSED_FUNCTION = YES;
				GCC_WARN_UNUSED_VARIABLE = YES;
				IPHONEOS_DEPLOYMENT_TARGET = 15.0;
				MTL_ENABLE_DEBUG_INFO = NO;
				MTL_FAST_MATH = YES;
				SDKROOT = iphoneos;
				SWIFT_COMPILATION_MODE = wholemodule;
				SWIFT_OPTIMIZATION_LEVEL = "-O";
				VALIDATE_PRODUCT = YES;
			};
			name = Release;
		};
		F54F6F67288D8516003673C0 /* Debug */ = {
			isa = XCBuildConfiguration;
			baseConfigurationReference = 68390B534DD43D79AB87BA62 /* Pods-Pulse.debug.xcconfig */;
			buildSettings = {
				ASSETCATALOG_COMPILER_APPICON_NAME = AppIcon;
				ASSETCATALOG_COMPILER_GLOBAL_ACCENT_COLOR_NAME = AccentColor;
				CODE_SIGN_STYLE = Automatic;
				CURRENT_PROJECT_VERSION = 1;
				GENERATE_INFOPLIST_FILE = YES;
				INFOPLIST_FILE = Pulse/Resourses/Info.plist;
				INFOPLIST_KEY_UIApplicationSupportsIndirectInputEvents = YES;
				INFOPLIST_KEY_UILaunchStoryboardName = LaunchScreen;
				INFOPLIST_KEY_UIMainStoryboardFile = Main;
				INFOPLIST_KEY_UISupportedInterfaceOrientations_iPad = "UIInterfaceOrientationPortrait UIInterfaceOrientationPortraitUpsideDown UIInterfaceOrientationLandscapeLeft UIInterfaceOrientationLandscapeRight";
				INFOPLIST_KEY_UISupportedInterfaceOrientations_iPhone = "UIInterfaceOrientationPortrait UIInterfaceOrientationLandscapeLeft UIInterfaceOrientationLandscapeRight";
				LD_RUNPATH_SEARCH_PATHS = (
					"$(inherited)",
					"@executable_path/Frameworks",
				);
				MARKETING_VERSION = 1.0;
				PRODUCT_BUNDLE_IDENTIFIER = Vlad.Pulse;
				PRODUCT_NAME = "$(TARGET_NAME)";
				SWIFT_EMIT_LOC_STRINGS = YES;
				SWIFT_VERSION = 5.0;
				TARGETED_DEVICE_FAMILY = "1,2";
			};
			name = Debug;
		};
		F54F6F68288D8516003673C0 /* Release */ = {
			isa = XCBuildConfiguration;
			baseConfigurationReference = 7E4E922A3885BE9EEFA92E35 /* Pods-Pulse.release.xcconfig */;
			buildSettings = {
				ASSETCATALOG_COMPILER_APPICON_NAME = AppIcon;
				ASSETCATALOG_COMPILER_GLOBAL_ACCENT_COLOR_NAME = AccentColor;
				CODE_SIGN_STYLE = Automatic;
				CURRENT_PROJECT_VERSION = 1;
				GENERATE_INFOPLIST_FILE = YES;
				INFOPLIST_FILE = Pulse/Resourses/Info.plist;
				INFOPLIST_KEY_UIApplicationSupportsIndirectInputEvents = YES;
				INFOPLIST_KEY_UILaunchStoryboardName = LaunchScreen;
				INFOPLIST_KEY_UIMainStoryboardFile = Main;
				INFOPLIST_KEY_UISupportedInterfaceOrientations_iPad = "UIInterfaceOrientationPortrait UIInterfaceOrientationPortraitUpsideDown UIInterfaceOrientationLandscapeLeft UIInterfaceOrientationLandscapeRight";
				INFOPLIST_KEY_UISupportedInterfaceOrientations_iPhone = "UIInterfaceOrientationPortrait UIInterfaceOrientationLandscapeLeft UIInterfaceOrientationLandscapeRight";
				LD_RUNPATH_SEARCH_PATHS = (
					"$(inherited)",
					"@executable_path/Frameworks",
				);
				MARKETING_VERSION = 1.0;
				PRODUCT_BUNDLE_IDENTIFIER = Vlad.Pulse;
				PRODUCT_NAME = "$(TARGET_NAME)";
				SWIFT_EMIT_LOC_STRINGS = YES;
				SWIFT_VERSION = 5.0;
				TARGETED_DEVICE_FAMILY = "1,2";
			};
			name = Release;
		};
/* End XCBuildConfiguration section */

/* Begin XCConfigurationList section */
		F54F6F4D288D8511003673C0 /* Build configuration list for PBXProject "Pulse" */ = {
			isa = XCConfigurationList;
			buildConfigurations = (
				F54F6F64288D8516003673C0 /* Debug */,
				F54F6F65288D8516003673C0 /* Release */,
			);
			defaultConfigurationIsVisible = 0;
			defaultConfigurationName = Release;
		};
		F54F6F66288D8516003673C0 /* Build configuration list for PBXNativeTarget "Pulse" */ = {
			isa = XCConfigurationList;
			buildConfigurations = (
				F54F6F67288D8516003673C0 /* Debug */,
				F54F6F68288D8516003673C0 /* Release */,
			);
			defaultConfigurationIsVisible = 0;
			defaultConfigurationName = Release;
		};
/* End XCConfigurationList section */
	};
	rootObject = F54F6F4A288D8511003673C0 /* Project object */;
}
